Microsoft Visual Studio Solution File, Format Version 12.00
# Visual Studio Version 17
VisualStudioVersion = 17.0.31903.59
MinimumVisualStudioVersion = 10.0.40219.1
Project("{66306888-C8A9-4DB6-B661-CCCB49F961F0}") = "Project_248f55c3894245c094adc23926c7bcf9_20250601200320382593", "Project_248f55c3894245c094adc23926c7bcf9_20250601200320382593.csproj", "{66306888-C8A9-4DB6-B661-CCCB49F961F0}"
EndProject
Global
    GlobalSection(SolutionConfigurationPlatforms) = preSolution
        Debug|Any CPU = Debug|Any CPU
        Release|Any CPU = Release|Any CPU
    EndGlobalSection
    GlobalSection(ProjectConfigurationPlatforms) = postSolution
        {66306888-C8A9-4DB6-B661-CCCB49F961F0}.Debug|Any CPU.ActiveCfg = Debug|Any CPU
        {66306888-C8A9-4DB6-B661-CCCB49F961F0}.Debug|Any CPU.Build.0 = Debug|Any CPU
        {66306888-C8A9-4DB6-B661-CCCB49F961F0}.Release|Any CPU.ActiveCfg = Release|Any CPU
        {66306888-C8A9-4DB6-B661-CCCB49F961F0}.Release|Any CPU.Build.0 = Release|Any CPU
    EndGlobalSection
EndGlobal